
Microsoft Visual Studio Solution File, Format Version 12.00
# Visual Studio Version 17
VisualStudioVersion = 17.2.32630.192
MinimumVisualStudioVersion = 10.0.40219.1
Project("{FAE04EC0-301F-11D3-BF4B-00C04F79EFBC}") = "Controlefluxo1", "Controlefluxo1\Controlefluxo1.csproj", "{9DC8923D-80D2-4811-B421-E52117339574}"
EndProject
Global
	GlobalSection(SolutionConfigurationPlatforms) = preSolution
		Debug|Any CPU = Debug|Any CPU
		Release|Any CPU = Release|Any CPU
	EndGlobalSection
	GlobalSection(ProjectConfigurationPlatforms) = postSolution
		{9DC8923D-80D2-4811-B421-E52117339574}.Debug|Any CPU.ActiveCfg = Debug|Any CPU
		{9DC8923D-80D2-4811-B421-E52117339574}.Debug|Any CPU.Build.0 = Debug|Any CPU
		{9DC8923D-80D2-4811-B421-E52117339574}.Release|Any CPU.ActiveCfg = Release|Any CPU
		{9DC8923D-80D2-4811-B421-E52117339574}.Release|Any CPU.Build.0 = Release|Any CPU
	EndGlobalSection
	GlobalSection(SolutionProperties) = preSolution
		HideSolutionNode = FALSE
	EndGlobalSection
	GlobalSection(ExtensibilityGlobals) = postSolution
		SolutionGuid = {2DE70014-FBA4-4569-93B1-703E7BC2D67C}
	EndGlobalSection
EndGlobal
